
Microsoft Visual Studio Solution File, Format Version 12.00
# Visual Studio Version 17
VisualStudioVersion = 17.5.33103.201
MinimumVisualStudioVersion = 10.0.40219.1
Project("{F2A71F9B-5D33-465A-A702-920D77279786}") = "Day1", "Day1\Day1.fsproj", "{F90F12B6-A569-4637-AE51-0097889C7ADB}"
EndProject
Project("{F2A71F9B-5D33-465A-A702-920D77279786}") = "Day2", "Day2\Day2.fsproj", "{6475C38D-65FE-44F0-8D39-D7E82599B3C9}"
EndProject
Project("{F2A71F9B-5D33-465A-A702-920D77279786}") = "Day3", "Day3\Day3.fsproj", "{3DC0E0DD-EB7A-482B-B1E9-5D136B8A565E}"
EndProject
Project("{F2A71F9B-5D33-465A-A702-920D77279786}") = "Day4", "Day4\Day4.fsproj", "{7100DB1E-D8EB-42F9-80C3-6B6EB62187F6}"
EndProject
Project("{F2A71F9B-5D33-465A-A702-920D77279786}") = "Day5", "Day5\Day5.fsproj", "{F7470B12-6A92-4F5A-8C22-8959D9FF69D2}"
EndProject
Global
	GlobalSection(SolutionConfigurationPlatforms) = preSolution
		Debug|Any CPU = Debug|Any CPU
		Release|Any CPU = Release|Any CPU
	EndGlobalSection
	GlobalSection(ProjectConfigurationPlatforms) = postSolution
		{F90F12B6-A569-4637-AE51-0097889C7ADB}.Debug|Any CPU.ActiveCfg = Debug|Any CPU
		{F90F12B6-A569-4637-AE51-0097889C7ADB}.Debug|Any CPU.Build.0 = Debug|Any CPU
		{F90F12B6-A569-4637-AE51-0097889C7ADB}.Release|Any CPU.ActiveCfg = Release|Any CPU
		{F90F12B6-A569-4637-AE51-0097889C7ADB}.Release|Any CPU.Build.0 = Release|Any CPU
		{6475C38D-65FE-44F0-8D39-D7E82599B3C9}.Debug|Any CPU.ActiveCfg = Debug|Any CPU
		{6475C38D-65FE-44F0-8D39-D7E82599B3C9}.Debug|Any CPU.Build.0 = Debug|Any CPU
		{6475C38D-65FE-44F0-8D39-D7E82599B3C9}.Release|Any CPU.ActiveCfg = Release|Any CPU
		{6475C38D-65FE-44F0-8D39-D7E82599B3C9}.Release|Any CPU.Build.0 = Release|Any CPU
		{3DC0E0DD-EB7A-482B-B1E9-5D136B8A565E}.Debug|Any CPU.ActiveCfg = Debug|Any CPU
		{3DC0E0DD-EB7A-482B-B1E9-5D136B8A565E}.Debug|Any CPU.Build.0 = Debug|Any CPU
		{3DC0E0DD-EB7A-482B-B1E9-5D136B8A565E}.Release|Any CPU.ActiveCfg = Release|Any CPU
		{3DC0E0DD-EB7A-482B-B1E9-5D136B8A565E}.Release|Any CPU.Build.0 = Release|Any CPU
		{7100DB1E-D8EB-42F9-80C3-6B6EB62187F6}.Debug|Any CPU.ActiveCfg = Debug|Any CPU
		{7100DB1E-D8EB-42F9-80C3-6B6EB62187F6}.Debug|Any CPU.Build.0 = Debug|Any CPU
		{7100DB1E-D8EB-42F9-80C3-6B6EB62187F6}.Release|Any CPU.ActiveCfg = Release|Any CPU
		{7100DB1E-D8EB-42F9-80C3-6B6EB62187F6}.Release|Any CPU.Build.0 = Release|Any CPU
		{F7470B12-6A92-4F5A-8C22-8959D9FF69D2}.Debug|Any CPU.ActiveCfg = Debug|Any CPU
		{F7470B12-6A92-4F5A-8C22-8959D9FF69D2}.Debug|Any CPU.Build.0 = Debug|Any CPU
		{F7470B12-6A92-4F5A-8C22-8959D9FF69D2}.Release|Any CPU.ActiveCfg = Release|Any CPU
		{F7470B12-6A92-4F5A-8C22-8959D9FF69D2}.Release|Any CPU.Build.0 = Release|Any CPU
	EndGlobalSection
	GlobalSection(SolutionProperties) = preSolution
		HideSolutionNode = FALSE
	EndGlobalSection
	GlobalSection(ExtensibilityGlobals) = postSolution
		SolutionGuid = {991332B1-EE8B-4F77-AF9D-C13558C0793F}
	EndGlobalSection
EndGlobal
